Microsoft Visual Studio Solution File, Format Version 12.00
# Visual Studio Version 16
VisualStudioVersion = 16.0.28705.295
MinimumVisualStudioVersion = 10.0.40219.1
Project("{8BC9CEB8-8B4A-11D0-8D11-00A0C91BC942}") = "nrt_uke", "nrt_uke\nrt_uke.vcxproj", "{FC4F391D-E80F-49E6-80BE-88BEA24F1340}"
EndProject
Project("{8BC9CEB8-8B4A-11D0-8D11-00A0C91BC942}") = "Enclave", "Enclave\Enclave.vcxproj", "{338F6C8E-DF08-462B-887D-98177311BBE8}"
EndProject
Project("{8BC9CEB8-8B4A-11D0-8D11-00A0C91BC942}") = "EnclaveLink", "EnclaveLink\EnclaveLink.vcxproj", "{85492113-DDE3-4DAA-855B-9D4245215181}"
EndProject
Project("{8BC9CEB8-8B4A-11D0-8D11-00A0C91BC942}") = "nrt_tke", "nrt_tke\nrt_tke.vcxproj", "{8CA05BF5-2457-45F0-9F15-9EC0D8774346}"
EndProject
Project("{FAE04EC0-301F-11D3-BF4B-00C04F79EFBC}") = "Relayer", "Relayer\Relayer.csproj", "{62B78512-6C15-4955-8F6C-1FC972C994F1}"
EndProject
Project("{8BC9CEB8-8B4A-11D0-8D11-00A0C91BC942}") = "ManagedEnclaveRelayer", "ManagedEnclaveRelayer\ManagedEnclaveRelayer.vcxproj", "{CCEBB846-4EAA-45A5-B01E-A8DEF133C280}"
EndProject
Global
	GlobalSection(SolutionConfigurationPlatforms) = preSolution
		CVE-2020-0551-CF-Prerelease|Any CPU = CVE-2020-0551-CF-Prerelease|Any CPU
		CVE-2020-0551-CF-Prerelease|x64 = CVE-2020-0551-CF-Prerelease|x64
		CVE-2020-0551-CF-Prerelease|x86 = CVE-2020-0551-CF-Prerelease|x86
		CVE-2020-0551-CF-Release|Any CPU = CVE-2020-0551-CF-Release|Any CPU
		CVE-2020-0551-CF-Release|x64 = CVE-2020-0551-CF-Release|x64
		CVE-2020-0551-CF-Release|x86 = CVE-2020-0551-CF-Release|x86
		CVE-2020-0551-Load-Prerelease|Any CPU = CVE-2020-0551-Load-Prerelease|Any CPU
		CVE-2020-0551-Load-Prerelease|x64 = CVE-2020-0551-Load-Prerelease|x64
		CVE-2020-0551-Load-Prerelease|x86 = CVE-2020-0551-Load-Prerelease|x86
		CVE-2020-0551-Load-Release|Any CPU = CVE-2020-0551-Load-Release|Any CPU
		CVE-2020-0551-Load-Release|x64 = CVE-2020-0551-Load-Release|x64
		CVE-2020-0551-Load-Release|x86 = CVE-2020-0551-Load-Release|x86
		Debug|Any CPU = Debug|Any CPU
		Debug|x64 = Debug|x64
		Debug|x86 = Debug|x86
		Prerelease|Any CPU = Prerelease|Any CPU
		Prerelease|x64 = Prerelease|x64
		Prerelease|x86 = Prerelease|x86
		Release|Any CPU = Release|Any CPU
		Release|x64 = Release|x64
		Release|x86 = Release|x86
		Simulation|Any CPU = Simulation|Any CPU
		Simulation|x64 = Simulation|x64
		Simulation|x86 = Simulation|x86
	EndGlobalSection
	GlobalSection(ProjectConfigurationPlatforms) = postSolution
		{FC4F391D-E80F-49E6-80BE-88BEA24F1340}.CVE-2020-0551-CF-Prerelease|Any CPU.ActiveCfg = Debug|Win32
		{FC4F391D-E80F-49E6-80BE-88BEA24F1340}.CVE-2020-0551-CF-Prerelease|Any CPU.Build.0 = Debug|Win32
		{FC4F391D-E80F-49E6-80BE-88BEA24F1340}.CVE-2020-0551-CF-Prerelease|x64.ActiveCfg = Debug|x64
		{FC4F391D-E80F-49E6-80BE-88BEA24F1340}.CVE-2020-0551-CF-Prerelease|x64.Build.0 = Debug|x64
		{FC4F391D-E80F-49E6-80BE-88BEA24F1340}.CVE-2020-0551-CF-Prerelease|x86.ActiveCfg = Debug|Win32
		{FC4F391D-E80F-49E6-80BE-88BEA24F1340}.CVE-2020-0551-CF-Prerelease|x86.Build.0 = Debug|Win32
		{FC4F391D-E80F-49E6-80BE-88BEA24F1340}.CVE-2020-0551-CF-Release|Any CPU.ActiveCfg = Debug|Win32
		{FC4F391D-E80F-49E6-80BE-88BEA24F1340}.CVE-2020-0551-CF-Release|Any CPU.Build.0 = Debug|Win32
		{FC4F391D-E80F-49E6-80BE-88BEA24F1340}.CVE-2020-0551-CF-Release|x64.ActiveCfg = Release|x64
		{FC4F391D-E80F-49E6-80BE-88BEA24F1340}.CVE-2020-0551-CF-Release|x64.Build.0 = Release|x64
		{FC4F391D-E80F-49E6-80BE-88BEA24F1340}.CVE-2020-0551-CF-Release|x86.ActiveCfg = Release|Win32
		{FC4F391D-E80F-49E6-80BE-88BEA24F1340}.CVE-2020-0551-CF-Release|x86.Build.0 = Release|Win32
		{FC4F391D-E80F-49E6-80BE-88BEA24F1340}.CVE-2020-0551-Load-Prerelease|Any CPU.ActiveCfg = Debug|Win32
		{FC4F391D-E80F-49E6-80BE-88BEA24F1340}.CVE-2020-0551-Load-Prerelease|Any CPU.Build.0 = Debug|Win32
		{FC4F391D-E80F-49E6-80BE-88BEA24F1340}.CVE-2020-0551-Load-Prerelease|x64.ActiveCfg = Debug|x64
		{FC4F391D-E80F-49E6-80BE-88BEA24F1340}.CVE-2020-0551-Load-Prerelease|x64.Build.0 = Debug|x64
		{FC4F391D-E80F-49E6-80BE-88BEA24F1340}.CVE-2020-0551-Load-Prerelease|x86.ActiveCfg = Debug|Win32
		{FC4F391D-E80F-49E6-80BE-88BEA24F1340}.CVE-2020-0551-Load-Prerelease|x86.Build.0 = Debug|Win32
		{FC4F391D-E80F-49E6-80BE-88BEA24F1340}.CVE-2020-0551-Load-Release|Any CPU.ActiveCfg = Debug|Win32
		{FC4F391D-E80F-49E6-80BE-88BEA24F1340}.CVE-2020-0551-Load-Release|Any CPU.Build.0 = Debug|Win32
		{FC4F391D-E80F-49E6-80BE-88BEA24F1340}.CVE-2020-0551-Load-Release|x64.ActiveCfg = Release|x64
		{FC4F391D-E80F-49E6-80BE-88BEA24F1340}.CVE-2020-0551-Load-Release|x64.Build.0 = Release|x64
		{FC4F391D-E80F-49E6-80BE-88BEA24F1340}.CVE-2020-0551-Load-Release|x86.ActiveCfg = Release|Win32
		{FC4F391D-E80F-49E6-80BE-88BEA24F1340}.CVE-2020-0551-Load-Release|x86.Build.0 = Release|Win32
		{FC4F391D-E80F-49E6-80BE-88BEA24F1340}.Debug|Any CPU.ActiveCfg = Debug|Win32
		{FC4F391D-E80F-49E6-80BE-88BEA24F1340}.Debug|x64.ActiveCfg = Debug|x64
		{FC4F391D-E80F-49E6-80BE-88BEA24F1340}.Debug|x64.Build.0 = Debug|x64
		{FC4F391D-E80F-49E6-80BE-88BEA24F1340}.Debug|x86.ActiveCfg = Debug|Win32
		{FC4F391D-E80F-49E6-80BE-88BEA24F1340}.Debug|x86.Build.0 = Debug|Win32
		{FC4F391D-E80F-49E6-80BE-88BEA24F1340}.Prerelease|Any CPU.ActiveCfg = Prerelease|Win32
		{FC4F391D-E80F-49E6-80BE-88BEA24F1340}.Prerelease|Any CPU.Build.0 = Prerelease|Win32
		{FC4F391D-E80F-49E6-80BE-88BEA24F1340}.Prerelease|x64.ActiveCfg = Prerelease|x64
		{FC4F391D-E80F-49E6-80BE-88BEA24F1340}.Prerelease|x64.Build.0 = Prerelease|x64
		{FC4F391D-E80F-49E6-80BE-88BEA24F1340}.Prerelease|x86.ActiveCfg = Prerelease|Win32
		{FC4F391D-E80F-49E6-80BE-88BEA24F1340}.Prerelease|x86.Build.0 = Prerelease|Win32
		{FC4F391D-E80F-49E6-80BE-88BEA24F1340}.Release|Any CPU.ActiveCfg = Release|Win32
		{FC4F391D-E80F-49E6-80BE-88BEA24F1340}.Release|x64.ActiveCfg = Release|x64
		{FC4F391D-E80F-49E6-80BE-88BEA24F1340}.Release|x64.Build.0 = Release|x64
		{FC4F391D-E80F-49E6-80BE-88BEA24F1340}.Release|x86.ActiveCfg = Release|Win32
		{FC4F391D-E80F-49E6-80BE-88BEA24F1340}.Release|x86.Build.0 = Release|Win32
		{FC4F391D-E80F-49E6-80BE-88BEA24F1340}.Simulation|Any CPU.ActiveCfg = Simulation|Win32
		{FC4F391D-E80F-49E6-80BE-88BEA24F1340}.Simulation|Any CPU.Build.0 = Simulation|Win32
		{FC4F391D-E80F-49E6-80BE-88BEA24F1340}.Simulation|x64.ActiveCfg = Simulation|x64
		{FC4F391D-E80F-49E6-80BE-88BEA24F1340}.Simulation|x64.Build.0 = Simulation|x64
		{FC4F391D-E80F-49E6-80BE-88BEA24F1340}.Simulation|x86.ActiveCfg = Simulation|Win32
		{FC4F391D-E80F-49E6-80BE-88BEA24F1340}.Simulation|x86.Build.0 = Simulation|Win32
		{338F6C8E-DF08-462B-887D-98177311BBE8}.CVE-2020-0551-CF-Prerelease|Any CPU.ActiveCfg = CVE-2020-0551-CF-Prerelease|x64
		{338F6C8E-DF08-462B-887D-98177311BBE8}.CVE-2020-0551-CF-Prerelease|x64.ActiveCfg = CVE-2020-0551-CF-Prerelease|x64
		{338F6C8E-DF08-462B-887D-98177311BBE8}.CVE-2020-0551-CF-Prerelease|x64.Build.0 = CVE-2020-0551-CF-Prerelease|x64
		{338F6C8E-DF08-462B-887D-98177311BBE8}.CVE-2020-0551-CF-Prerelease|x86.ActiveCfg = CVE-2020-0551-CF-Prerelease|x64
		{338F6C8E-DF08-462B-887D-98177311BBE8}.CVE-2020-0551-CF-Release|Any CPU.ActiveCfg = CVE-2020-0551-CF-Release|x64
		{338F6C8E-DF08-462B-887D-98177311BBE8}.CVE-2020-0551-CF-Release|x64.ActiveCfg = CVE-2020-0551-CF-Release|x64
		{338F6C8E-DF08-462B-887D-98177311BBE8}.CVE-2020-0551-CF-Release|x64.Build.0 = CVE-2020-0551-CF-Release|x64
		{338F6C8E-DF08-462B-887D-98177311BBE8}.CVE-2020-0551-CF-Release|x86.ActiveCfg = CVE-2020-0551-CF-Release|x64
		{338F6C8E-DF08-462B-887D-98177311BBE8}.CVE-2020-0551-Load-Prerelease|Any CPU.ActiveCfg = CVE-2020-0551-Load-Prerelease|x64
		{338F6C8E-DF08-462B-887D-98177311BBE8}.CVE-2020-0551-Load-Prerelease|x64.ActiveCfg = CVE-2020-0551-Load-Prerelease|x64
		{338F6C8E-DF08-462B-887D-98177311BBE8}.CVE-2020-0551-Load-Prerelease|x64.Build.0 = CVE-2020-0551-Load-Prerelease|x64
		{338F6C8E-DF08-462B-887D-98177311BBE8}.CVE-2020-0551-Load-Prerelease|x86.ActiveCfg = CVE-2020-0551-Load-Prerelease|x64
		{338F6C8E-DF08-462B-887D-98177311BBE8}.CVE-2020-0551-Load-Release|Any CPU.ActiveCfg = CVE-2020-0551-Load-Release|x64
		{338F6C8E-DF08-462B-887D-98177311BBE8}.CVE-2020-0551-Load-Release|x64.ActiveCfg = CVE-2020-0551-Load-Release|x64
		{338F6C8E-DF08-462B-887D-98177311BBE8}.CVE-2020-0551-Load-Release|x64.Build.0 = CVE-2020-0551-Load-Release|x64
		{338F6C8E-DF08-462B-887D-98177311BBE8}.CVE-2020-0551-Load-Release|x86.ActiveCfg = CVE-2020-0551-Load-Release|x64
		{338F6C8E-DF08-462B-887D-98177311BBE8}.Debug|Any CPU.ActiveCfg = Debug|Win32
		{338F6C8E-DF08-462B-887D-98177311BBE8}.Debug|x64.ActiveCfg = Debug|x64
		{338F6C8E-DF08-462B-887D-98177311BBE8}.Debug|x64.Build.0 = Debug|x64
		{338F6C8E-DF08-462B-887D-98177311BBE8}.Debug|x86.ActiveCfg = Debug|Win32
		{338F6C8E-DF08-462B-887D-98177311BBE8}.Debug|x86.Build.0 = Debug|Win32
		{338F6C8E-DF08-462B-887D-98177311BBE8}.Prerelease|Any CPU.ActiveCfg = Prerelease|Win32
		{338F6C8E-DF08-462B-887D-98177311BBE8}.Prerelease|x64.ActiveCfg = Prerelease|x64
		{338F6C8E-DF08-462B-887D-98177311BBE8}.Prerelease|x64.Build.0 = Prerelease|x64
		{338F6C8E-DF08-462B-887D-98177311BBE8}.Prerelease|x86.ActiveCfg = Prerelease|Win32
		{338F6C8E-DF08-462B-887D-98177311BBE8}.Prerelease|x86.Build.0 = Prerelease|Win32
		{338F6C8E-DF08-462B-887D-98177311BBE8}.Release|Any CPU.ActiveCfg = Release|Win32
		{338F6C8E-DF08-462B-887D-98177311BBE8}.Release|x64.ActiveCfg = Release|x64
		{338F6C8E-DF08-462B-887D-98177311BBE8}.Release|x64.Build.0 = Release|x64
		{338F6C8E-DF08-462B-887D-98177311BBE8}.Release|x86.ActiveCfg = Release|Win32
		{338F6C8E-DF08-462B-887D-98177311BBE8}.Release|x86.Build.0 = Release|Win32
		{338F6C8E-DF08-462B-887D-98177311BBE8}.Simulation|Any CPU.ActiveCfg = Simulation|Win32
		{338F6C8E-DF08-462B-887D-98177311BBE8}.Simulation|x64.ActiveCfg = Simulation|x64
		{338F6C8E-DF08-462B-887D-98177311BBE8}.Simulation|x64.Build.0 = Simulation|x64
		{338F6C8E-DF08-462B-887D-98177311BBE8}.Simulation|x86.ActiveCfg = Simulation|Win32
		{338F6C8E-DF08-462B-887D-98177311BBE8}.Simulation|x86.Build.0 = Simulation|Win32
		{85492113-DDE3-4DAA-855B-9D4245215181}.CVE-2020-0551-CF-Prerelease|Any CPU.ActiveCfg = Debug|Win32
		{85492113-DDE3-4DAA-855B-9D4245215181}.CVE-2020-0551-CF-Prerelease|Any CPU.Build.0 = Debug|Win32
		{85492113-DDE3-4DAA-855B-9D4245215181}.CVE-2020-0551-CF-Prerelease|x64.ActiveCfg = Debug|x64
		{85492113-DDE3-4DAA-855B-9D4245215181}.CVE-2020-0551-CF-Prerelease|x64.Build.0 = Debug|x64
		{85492113-DDE3-4DAA-855B-9D4245215181}.CVE-2020-0551-CF-Prerelease|x86.ActiveCfg = Debug|Win32
		{85492113-DDE3-4DAA-855B-9D4245215181}.CVE-2020-0551-CF-Prerelease|x86.Build.0 = Debug|Win32
		{85492113-DDE3-4DAA-855B-9D4245215181}.CVE-2020-0551-CF-Release|Any CPU.ActiveCfg = Debug|Win32
		{85492113-DDE3-4DAA-855B-9D4245215181}.CVE-2020-0551-CF-Release|Any CPU.Build.0 = Debug|Win32
		{85492113-DDE3-4DAA-855B-9D4245215181}.CVE-2020-0551-CF-Release|x64.ActiveCfg = Release|x64
		{85492113-DDE3-4DAA-855B-9D4245215181}.CVE-2020-0551-CF-Release|x64.Build.0 = Release|x64
		{85492113-DDE3-4DAA-855B-9D4245215181}.CVE-2020-0551-CF-Release|x86.ActiveCfg = Release|Win32
		{85492113-DDE3-4DAA-855B-9D4245215181}.CVE-2020-0551-CF-Release|x86.Build.0 = Release|Win32
		{85492113-DDE3-4DAA-855B-9D4245215181}.CVE-2020-0551-Load-Prerelease|Any CPU.ActiveCfg = Debug|Win32
		{85492113-DDE3-4DAA-855B-9D4245215181}.CVE-2020-0551-Load-Prerelease|Any CPU.Build.0 = Debug|Win32
		{85492113-DDE3-4DAA-855B-9D4245215181}.CVE-2020-0551-Load-Prerelease|x64.ActiveCfg = Debug|x64
		{85492113-DDE3-4DAA-855B-9D4245215181}.CVE-2020-0551-Load-Prerelease|x64.Build.0 = Debug|x64
		{85492113-DDE3-4DAA-855B-9D4245215181}.CVE-2020-0551-Load-Prerelease|x86.ActiveCfg = Debug|Win32
		{85492113-DDE3-4DAA-855B-9D4245215181}.CVE-2020-0551-Load-Prerelease|x86.Build.0 = Debug|Win32
		{85492113-DDE3-4DAA-855B-9D4245215181}.CVE-2020-0551-Load-Release|Any CPU.ActiveCfg = Debug|Win32
		{85492113-DDE3-4DAA-855B-9D4245215181}.CVE-2020-0551-Load-Release|Any CPU.Build.0 = Debug|Win32
		{85492113-DDE3-4DAA-855B-9D4245215181}.CVE-2020-0551-Load-Release|x64.ActiveCfg = Release|x64
		{85492113-DDE3-4DAA-855B-9D4245215181}.CVE-2020-0551-Load-Release|x64.Build.0 = Release|x64
		{85492113-DDE3-4DAA-855B-9D4245215181}.CVE-2020-0551-Load-Release|x86.ActiveCfg = Release|Win32
		{85492113-DDE3-4DAA-855B-9D4245215181}.CVE-2020-0551-Load-Release|x86.Build.0 = Release|Win32
		{85492113-DDE3-4DAA-855B-9D4245215181}.Debug|Any CPU.ActiveCfg = Debug|Win32
		{85492113-DDE3-4DAA-855B-9D4245215181}.Debug|x64.ActiveCfg = Debug|x64
		{85492113-DDE3-4DAA-855B-9D4245215181}.Debug|x64.Build.0 = Debug|x64
		{85492113-DDE3-4DAA-855B-9D4245215181}.Debug|x86.ActiveCfg = Debug|Win32
		{85492113-DDE3-4DAA-855B-9D4245215181}.Debug|x86.Build.0 = Debug|Win32
		{85492113-DDE3-4DAA-855B-9D4245215181}.Prerelease|Any CPU.ActiveCfg = Prerelease|Win32
		{85492113-DDE3-4DAA-855B-9D4245215181}.Prerelease|Any CPU.Build.0 = Prerelease|Win32
		{85492113-DDE3-4DAA-855B-9D4245215181}.Prerelease|x64.ActiveCfg = Prerelease|x64
		{85492113-DDE3-4DAA-855B-9D4245215181}.Prerelease|x64.Build.0 = Prerelease|x64
		{85492113-DDE3-4DAA-855B-9D4245215181}.Prerelease|x86.ActiveCfg = Prerelease|Win32
		{85492113-DDE3-4DAA-855B-9D4245215181}.Prerelease|x86.Build.0 = Prerelease|Win32
		{85492113-DDE3-4DAA-855B-9D4245215181}.Release|Any CPU.ActiveCfg = Release|Win32
		{85492113-DDE3-4DAA-855B-9D4245215181}.Release|x64.ActiveCfg = Release|x64
		{85492113-DDE3-4DAA-855B-9D4245215181}.Release|x64.Build.0 = Release|x64
		{85492113-DDE3-4DAA-855B-9D4245215181}.Release|x86.ActiveCfg = Release|Win32
		{85492113-DDE3-4DAA-855B-9D4245215181}.Release|x86.Build.0 = Release|Win32
		{85492113-DDE3-4DAA-855B-9D4245215181}.Simulation|Any CPU.ActiveCfg = Simulation|Win32
		{85492113-DDE3-4DAA-855B-9D4245215181}.Simulation|Any CPU.Build.0 = Simulation|Win32
		{85492113-DDE3-4DAA-855B-9D4245215181}.Simulation|x64.ActiveCfg = Simulation|x64
		{85492113-DDE3-4DAA-855B-9D4245215181}.Simulation|x64.Build.0 = Simulation|x64
		{85492113-DDE3-4DAA-855B-9D4245215181}.Simulation|x86.ActiveCfg = Simulation|Win32
		{85492113-DDE3-4DAA-855B-9D4245215181}.Simulation|x86.Build.0 = Simulation|Win32
		{8CA05BF5-2457-45F0-9F15-9EC0D8774346}.CVE-2020-0551-CF-Prerelease|Any CPU.ActiveCfg = CVE-2020-0551-CF-Prerelease|x64
		{8CA05BF5-2457-45F0-9F15-9EC0D8774346}.CVE-2020-0551-CF-Prerelease|x64.ActiveCfg = CVE-2020-0551-CF-Prerelease|x64
		{8CA05BF5-2457-45F0-9F15-9EC0D8774346}.CVE-2020-0551-CF-Prerelease|x64.Build.0 = CVE-2020-0551-CF-Prerelease|x64
		{8CA05BF5-2457-45F0-9F15-9EC0D8774346}.CVE-2020-0551-CF-Prerelease|x86.ActiveCfg = CVE-2020-0551-CF-Prerelease|x64
		{8CA05BF5-2457-45F0-9F15-9EC0D8774346}.CVE-2020-0551-CF-Release|Any CPU.ActiveCfg = CVE-2020-0551-CF-Release|x64
		{8CA05BF5-2457-45F0-9F15-9EC0D8774346}.CVE-2020-0551-CF-Release|x64.ActiveCfg = CVE-2020-0551-CF-Release|x64
		{8CA05BF5-2457-45F0-9F15-9EC0D8774346}.CVE-2020-0551-CF-Release|x64.Build.0 = CVE-2020-0551-CF-Release|x64
		{8CA05BF5-2457-45F0-9F15-9EC0D8774346}.CVE-2020-0551-CF-Release|x86.ActiveCfg = CVE-2020-0551-CF-Release|x64
		{8CA05BF5-2457-45F0-9F15-9EC0D8774346}.CVE-2020-0551-Load-Prerelease|Any CPU.ActiveCfg = CVE-2020-0551-Load-Prerelease|x64
		{8CA05BF5-2457-45F0-9F15-9EC0D8774346}.CVE-2020-0551-Load-Prerelease|x64.ActiveCfg = CVE-2020-0551-Load-Prerelease|x64
		{8CA05BF5-2457-45F0-9F15-9EC0D8774346}.CVE-2020-0551-Load-Prerelease|x64.Build.0 = CVE-2020-0551-Load-Prerelease|x64
		{8CA05BF5-2457-45F0-9F15-9EC0D8774346}.CVE-2020-0551-Load-Prerelease|x86.ActiveCfg = CVE-2020-0551-Load-Prerelease|x64
		{8CA05BF5-2457-45F0-9F15-9EC0D8774346}.CVE-2020-0551-Load-Release|Any CPU.ActiveCfg = CVE-2020-0551-Load-Release|x64
		{8CA05BF5-2457-45F0-9F15-9EC0D8774346}.CVE-2020-0551-Load-Release|x64.ActiveCfg = CVE-2020-0551-Load-Release|x64
		{8CA05BF5-2457-45F0-9F15-9EC0D8774346}.CVE-2020-0551-Load-Release|x64.Build.0 = CVE-2020-0551-Load-Release|x64
		{8CA05BF5-2457-45F0-9F15-9EC0D8774346}.CVE-2020-0551-Load-Release|x86.ActiveCfg = CVE-2020-0551-Load-Release|x64
		{8CA05BF5-2457-45F0-9F15-9EC0D8774346}.Debug|Any CPU.ActiveCfg = Debug|Win32
		{8CA05BF5-2457-45F0-9F15-9EC0D8774346}.Debug|x64.ActiveCfg = Debug|x64
		{8CA05BF5-2457-45F0-9F15-9EC0D8774346}.Debug|x64.Build.0 = Debug|x64
		{8CA05BF5-2457-45F0-9F15-9EC0D8774346}.Debug|x86.ActiveCfg = Debug|Win32
		{8CA05BF5-2457-45F0-9F15-9EC0D8774346}.Debug|x86.Build.0 = Debug|Win32
		{8CA05BF5-2457-45F0-9F15-9EC0D8774346}.Prerelease|Any CPU.ActiveCfg = Prerelease|Win32
		{8CA05BF5-2457-45F0-9F15-9EC0D8774346}.Prerelease|x64.ActiveCfg = Prerelease|x64
		{8CA05BF5-2457-45F0-9F15-9EC0D8774346}.Prerelease|x64.Build.0 = Prerelease|x64
		{8CA05BF5-2457-45F0-9F15-9EC0D8774346}.Prerelease|x86.ActiveCfg = Prerelease|Win32
		{8CA05BF5-2457-45F0-9F15-9EC0D8774346}.Prerelease|x86.Build.0 = Prerelease|Win32
		{8CA05BF5-2457-45F0-9F15-9EC0D8774346}.Release|Any CPU.ActiveCfg = Release|Win32
		{8CA05BF5-2457-45F0-9F15-9EC0D8774346}.Release|x64.ActiveCfg = Release|x64
		{8CA05BF5-2457-45F0-9F15-9EC0D8774346}.Release|x64.Build.0 = Release|x64
		{8CA05BF5-2457-45F0-9F15-9EC0D8774346}.Release|x86.ActiveCfg = Release|Win32
		{8CA05BF5-2457-45F0-9F15-9EC0D8774346}.Release|x86.Build.0 = Release|Win32
		{8CA05BF5-2457-45F0-9F15-9EC0D8774346}.Simulation|Any CPU.ActiveCfg = Simulation|Win32
		{8CA05BF5-2457-45F0-9F15-9EC0D8774346}.Simulation|x64.ActiveCfg = Simulation|x64
		{8CA05BF5-2457-45F0-9F15-9EC0D8774346}.Simulation|x64.Build.0 = Simulation|x64
		{8CA05BF5-2457-45F0-9F15-9EC0D8774346}.Simulation|x86.ActiveCfg = Simulation|Win32
		{8CA05BF5-2457-45F0-9F15-9EC0D8774346}.Simulation|x86.Build.0 = Simulation|Win32
		{62B78512-6C15-4955-8F6C-1FC972C994F1}.CVE-2020-0551-CF-Prerelease|Any CPU.ActiveCfg = Debug|Any CPU
		{62B78512-6C15-4955-8F6C-1FC972C994F1}.CVE-2020-0551-CF-Prerelease|Any CPU.Build.0 = Debug|Any CPU
		{62B78512-6C15-4955-8F6C-1FC972C994F1}.CVE-2020-0551-CF-Prerelease|x64.ActiveCfg = Debug|Any CPU
		{62B78512-6C15-4955-8F6C-1FC972C994F1}.CVE-2020-0551-CF-Prerelease|x64.Build.0 = Debug|Any CPU
		{62B78512-6C15-4955-8F6C-1FC972C994F1}.CVE-2020-0551-CF-Prerelease|x86.ActiveCfg = Debug|Any CPU
		{62B78512-6C15-4955-8F6C-1FC972C994F1}.CVE-2020-0551-CF-Prerelease|x86.Build.0 = Debug|Any CPU
		{62B78512-6C15-4955-8F6C-1FC972C994F1}.CVE-2020-0551-CF-Release|Any CPU.ActiveCfg = Release|Any CPU
		{62B78512-6C15-4955-8F6C-1FC972C994F1}.CVE-2020-0551-CF-Release|Any CPU.Build.0 = Release|Any CPU
		{62B78512-6C15-4955-8F6C-1FC972C994F1}.CVE-2020-0551-CF-Release|x64.ActiveCfg = Release|Any CPU
		{62B78512-6C15-4955-8F6C-1FC972C994F1}.CVE-2020-0551-CF-Release|x64.Build.0 = Release|Any CPU
		{62B78512-6C15-4955-8F6C-1FC972C994F1}.CVE-2020-0551-CF-Release|x86.ActiveCfg = Release|Any CPU
		{62B78512-6C15-4955-8F6C-1FC972C994F1}.CVE-2020-0551-CF-Release|x86.Build.0 = Release|Any CPU
		{62B78512-6C15-4955-8F6C-1FC972C994F1}.CVE-2020-0551-Load-Prerelease|Any CPU.ActiveCfg = Debug|Any CPU
		{62B78512-6C15-4955-8F6C-1FC972C994F1}.CVE-2020-0551-Load-Prerelease|Any CPU.Build.0 = Debug|Any CPU
		{62B78512-6C15-4955-8F6C-1FC972C994F1}.CVE-2020-0551-Load-Prerelease|x64.ActiveCfg = Debug|Any CPU
		{62B78512-6C15-4955-8F6C-1FC972C994F1}.CVE-2020-0551-Load-Prerelease|x64.Build.0 = Debug|Any CPU
		{62B78512-6C15-4955-8F6C-1FC972C994F1}.CVE-2020-0551-Load-Prerelease|x86.ActiveCfg = Debug|Any CPU
		{62B78512-6C15-4955-8F6C-1FC972C994F1}.CVE-2020-0551-Load-Prerelease|x86.Build.0 = Debug|Any CPU
		{62B78512-6C15-4955-8F6C-1FC972C994F1}.CVE-2020-0551-Load-Release|Any CPU.ActiveCfg = Release|Any CPU
		{62B78512-6C15-4955-8F6C-1FC972C994F1}.CVE-2020-0551-Load-Release|Any CPU.Build.0 = Release|Any CPU
		{62B78512-6C15-4955-8F6C-1FC972C994F1}.CVE-2020-0551-Load-Release|x64.ActiveCfg = Release|Any CPU
		{62B78512-6C15-4955-8F6C-1FC972C994F1}.CVE-2020-0551-Load-Release|x64.Build.0 = Release|Any CPU
		{62B78512-6C15-4955-8F6C-1FC972C994F1}.CVE-2020-0551-Load-Release|x86.ActiveCfg = Release|Any CPU
		{62B78512-6C15-4955-8F6C-1FC972C994F1}.CVE-2020-0551-Load-Release|x86.Build.0 = Release|Any CPU
		{62B78512-6C15-4955-8F6C-1FC972C994F1}.Debug|Any CPU.ActiveCfg = Debug|Any CPU
		{62B78512-6C15-4955-8F6C-1FC972C994F1}.Debug|Any CPU.Build.0 = Debug|Any CPU
		{62B78512-6C15-4955-8F6C-1FC972C994F1}.Debug|x64.ActiveCfg = Debug|Any CPU
		{62B78512-6C15-4955-8F6C-1FC972C994F1}.Debug|x64.Build.0 = Debug|Any CPU
		{62B78512-6C15-4955-8F6C-1FC972C994F1}.Debug|x86.ActiveCfg = Debug|Any CPU
		{62B78512-6C15-4955-8F6C-1FC972C994F1}.Debug|x86.Build.0 = Debug|Any CPU
		{62B78512-6C15-4955-8F6C-1FC972C994F1}.Prerelease|Any CPU.ActiveCfg = Debug|Any CPU
		{62B78512-6C15-4955-8F6C-1FC972C994F1}.Prerelease|Any CPU.Build.0 = Debug|Any CPU
		{62B78512-6C15-4955-8F6C-1FC972C994F1}.Prerelease|x64.ActiveCfg = Debug|Any CPU
		{62B78512-6C15-4955-8F6C-1FC972C994F1}.Prerelease|x64.Build.0 = Debug|Any CPU
		{62B78512-6C15-4955-8F6C-1FC972C994F1}.Prerelease|x86.ActiveCfg = Debug|Any CPU
		{62B78512-6C15-4955-8F6C-1FC972C994F1}.Prerelease|x86.Build.0 = Debug|Any CPU
		{62B78512-6C15-4955-8F6C-1FC972C994F1}.Release|Any CPU.ActiveCfg = Release|Any CPU
		{62B78512-6C15-4955-8F6C-1FC972C994F1}.Release|Any CPU.Build.0 = Release|Any CPU
		{62B78512-6C15-4955-8F6C-1FC972C994F1}.Release|x64.ActiveCfg = Release|Any CPU
		{62B78512-6C15-4955-8F6C-1FC972C994F1}.Release|x64.Build.0 = Release|Any CPU
		{62B78512-6C15-4955-8F6C-1FC972C994F1}.Release|x86.ActiveCfg = Release|Any CPU
		{62B78512-6C15-4955-8F6C-1FC972C994F1}.Release|x86.Build.0 = Release|Any CPU
		{62B78512-6C15-4955-8F6C-1FC972C994F1}.Simulation|Any CPU.ActiveCfg = Debug|Any CPU
		{62B78512-6C15-4955-8F6C-1FC972C994F1}.Simulation|Any CPU.Build.0 = Debug|Any CPU
		{62B78512-6C15-4955-8F6C-1FC972C994F1}.Simulation|x64.ActiveCfg = Debug|Any CPU
		{62B78512-6C15-4955-8F6C-1FC972C994F1}.Simulation|x64.Build.0 = Debug|Any CPU
		{62B78512-6C15-4955-8F6C-1FC972C994F1}.Simulation|x86.ActiveCfg = Debug|Any CPU
		{62B78512-6C15-4955-8F6C-1FC972C994F1}.Simulation|x86.Build.0 = Debug|Any CPU
		{CCEBB846-4EAA-45A5-B01E-A8DEF133C280}.CVE-2020-0551-CF-Prerelease|Any CPU.ActiveCfg = Debug|Win32
		{CCEBB846-4EAA-45A5-B01E-A8DEF133C280}.CVE-2020-0551-CF-Prerelease|Any CPU.Build.0 = Debug|Win32
		{CCEBB846-4EAA-45A5-B01E-A8DEF133C280}.CVE-2020-0551-CF-Prerelease|x64.ActiveCfg = Debug|x64
		{CCEBB846-4EAA-45A5-B01E-A8DEF133C280}.CVE-2020-0551-CF-Prerelease|x64.Build.0 = Debug|x64
		{CCEBB846-4EAA-45A5-B01E-A8DEF133C280}.CVE-2020-0551-CF-Prerelease|x86.ActiveCfg = Debug|Win32
		{CCEBB846-4EAA-45A5-B01E-A8DEF133C280}.CVE-2020-0551-CF-Prerelease|x86.Build.0 = Debug|Win32
		{CCEBB846-4EAA-45A5-B01E-A8DEF133C280}.CVE-2020-0551-CF-Release|Any CPU.ActiveCfg = Debug|Win32
		{CCEBB846-4EAA-45A5-B01E-A8DEF133C280}.CVE-2020-0551-CF-Release|Any CPU.Build.0 = Debug|Win32
		{CCEBB846-4EAA-45A5-B01E-A8DEF133C280}.CVE-2020-0551-CF-Release|x64.ActiveCfg = Release|x64
		{CCEBB846-4EAA-45A5-B01E-A8DEF133C280}.CVE-2020-0551-CF-Release|x64.Build.0 = Release|x64
		{CCEBB846-4EAA-45A5-B01E-A8DEF133C280}.CVE-2020-0551-CF-Release|x86.ActiveCfg = Release|Win32
		{CCEBB846-4EAA-45A5-B01E-A8DEF133C280}.CVE-2020-0551-CF-Release|x86.Build.0 = Release|Win32
		{CCEBB846-4EAA-45A5-B01E-A8DEF133C280}.CVE-2020-0551-Load-Prerelease|Any CPU.ActiveCfg = Debug|Win32
		{CCEBB846-4EAA-45A5-B01E-A8DEF133C280}.CVE-2020-0551-Load-Prerelease|Any CPU.Build.0 = Debug|Win32
		{CCEBB846-4EAA-45A5-B01E-A8DEF133C280}.CVE-2020-0551-Load-Prerelease|x64.ActiveCfg = Debug|x64
		{CCEBB846-4EAA-45A5-B01E-A8DEF133C280}.CVE-2020-0551-Load-Prerelease|x64.Build.0 = Debug|x64
		{CCEBB846-4EAA-45A5-B01E-A8DEF133C280}.CVE-2020-0551-Load-Prerelease|x86.ActiveCfg = Debug|Win32
		{CCEBB846-4EAA-45A5-B01E-A8DEF133C280}.CVE-2020-0551-Load-Prerelease|x86.Build.0 = Debug|Win32
		{CCEBB846-4EAA-45A5-B01E-A8DEF133C280}.CVE-2020-0551-Load-Release|Any CPU.ActiveCfg = Debug|Win32
		{CCEBB846-4EAA-45A5-B01E-A8DEF133C280}.CVE-2020-0551-Load-Release|Any CPU.Build.0 = Debug|Win32
		{CCEBB846-4EAA-45A5-B01E-A8DEF133C280}.CVE-2020-0551-Load-Release|x64.ActiveCfg = Release|x64
		{CCEBB846-4EAA-45A5-B01E-A8DEF133C280}.CVE-2020-0551-Load-Release|x64.Build.0 = Release|x64
		{CCEBB846-4EAA-45A5-B01E-A8DEF133C280}.CVE-2020-0551-Load-Release|x86.ActiveCfg = Release|Win32
		{CCEBB846-4EAA-45A5-B01E-A8DEF133C280}.CVE-2020-0551-Load-Release|x86.Build.0 = Release|Win32
		{CCEBB846-4EAA-45A5-B01E-A8DEF133C280}.Debug|Any CPU.ActiveCfg = Debug|Win32
		{CCEBB846-4EAA-45A5-B01E-A8DEF133C280}.Debug|x64.ActiveCfg = Debug|x64
		{CCEBB846-4EAA-45A5-B01E-A8DEF133C280}.Debug|x64.Build.0 = Debug|x64
		{CCEBB846-4EAA-45A5-B01E-A8DEF133C280}.Debug|x86.ActiveCfg = Debug|Win32
		{CCEBB846-4EAA-45A5-B01E-A8DEF133C280}.Debug|x86.Build.0 = Debug|Win32
		{CCEBB846-4EAA-45A5-B01E-A8DEF133C280}.Prerelease|Any CPU.ActiveCfg = Debug|Win32
		{CCEBB846-4EAA-45A5-B01E-A8DEF133C280}.Prerelease|Any CPU.Build.0 = Debug|Win32
		{CCEBB846-4EAA-45A5-B01E-A8DEF133C280}.Prerelease|x64.ActiveCfg = Debug|x64
		{CCEBB846-4EAA-45A5-B01E-A8DEF133C280}.Prerelease|x64.Build.0 = Debug|x64
		{CCEBB846-4EAA-45A5-B01E-A8DEF133C280}.Prerelease|x86.ActiveCfg = Debug|Win32
		{CCEBB846-4EAA-45A5-B01E-A8DEF133C280}.Prerelease|x86.Build.0 = Debug|Win32
		{CCEBB846-4EAA-45A5-B01E-A8DEF133C280}.Release|Any CPU.ActiveCfg = Release|Win32
		{CCEBB846-4EAA-45A5-B01E-A8DEF133C280}.Release|x64.ActiveCfg = Release|x64
		{CCEBB846-4EAA-45A5-B01E-A8DEF133C280}.Release|x64.Build.0 = Release|x64
		{CCEBB846-4EAA-45A5-B01E-A8DEF133C280}.Release|x86.ActiveCfg = Release|Win32
		{CCEBB846-4EAA-45A5-B01E-A8DEF133C280}.Release|x86.Build.0 = Release|Win32
		{CCEBB846-4EAA-45A5-B01E-A8DEF133C280}.Simulation|Any CPU.ActiveCfg = Debug|Win32
		{CCEBB846-4EAA-45A5-B01E-A8DEF133C280}.Simulation|Any CPU.Build.0 = Debug|Win32
		{CCEBB846-4EAA-45A5-B01E-A8DEF133C280}.Simulation|x64.ActiveCfg = Debug|x64
		{CCEBB846-4EAA-45A5-B01E-A8DEF133C280}.Simulation|x64.Build.0 = Debug|x64
		{CCEBB846-4EAA-45A5-B01E-A8DEF133C280}.Simulation|x86.ActiveCfg = Debug|Win32
		{CCEBB846-4EAA-45A5-B01E-A8DEF133C280}.Simulation|x86.Build.0 = Debug|Win32
	EndGlobalSection
	GlobalSection(SolutionProperties) = preSolution
		HideSolutionNode = FALSE
	EndGlobalSection
	GlobalSection(ExtensibilityGlobals) = postSolution
		SolutionGuid = {F62841D5-44C0-4CD6-891F-26C7E9369122}
	EndGlobalSection
EndGlobal
